
Microsoft Visual Studio Solution File, Format Version 12.00
# Visual Studio 15
VisualStudioVersion = 15.0.33801.198
MinimumVisualStudioVersion = 10.0.40219.1
Project("{8BC9CEB8-8B4A-11D0-8D11-00A0C91BC942}") = "扫雷", "扫雷\扫雷.vcxproj", "{1A78B1CD-FBE3-4FF5-9801-9B8D255CF0DF}"
EndProject
Global
	GlobalSection(SolutionConfigurationPlatforms) = preSolution
		Debug|x64 = Debug|x64
		Debug|x86 = Debug|x86
		Release|x64 = Release|x64
		Release|x86 = Release|x86
	EndGlobalSection
	GlobalSection(ProjectConfigurationPlatforms) = postSolution
		{1A78B1CD-FBE3-4FF5-9801-9B8D255CF0DF}.Debug|x64.ActiveCfg = Debug|x64
		{1A78B1CD-FBE3-4FF5-9801-9B8D255CF0DF}.Debug|x64.Build.0 = Debug|x64
		{1A78B1CD-FBE3-4FF5-9801-9B8D255CF0DF}.Debug|x86.ActiveCfg = Debug|Win32
		{1A78B1CD-FBE3-4FF5-9801-9B8D255CF0DF}.Debug|x86.Build.0 = Debug|Win32
		{1A78B1CD-FBE3-4FF5-9801-9B8D255CF0DF}.Release|x64.ActiveCfg = Release|x64
		{1A78B1CD-FBE3-4FF5-9801-9B8D255CF0DF}.Release|x64.Build.0 = Release|x64
		{1A78B1CD-FBE3-4FF5-9801-9B8D255CF0DF}.Release|x86.ActiveCfg = Release|Win32
		{1A78B1CD-FBE3-4FF5-9801-9B8D255CF0DF}.Release|x86.Build.0 = Release|Win32
	EndGlobalSection
	GlobalSection(SolutionProperties) = preSolution
		HideSolutionNode = FALSE
	EndGlobalSection
	GlobalSection(ExtensibilityGlobals) = postSolution
		SolutionGuid = {4D293882-A3AF-4B11-B7EE-51505F55098A}
	EndGlobalSection
EndGlobal
