
Microsoft Visual Studio Solution File, Format Version 12.00
# Visual Studio 15
VisualStudioVersion = 15.0.33801.198
MinimumVisualStudioVersion = 10.0.40219.1
Project("{8BC9CEB8-8B4A-11D0-8D11-00A0C91BC942}") = "数据结构", "数据结构\数据结构.vcxproj", "{7479F6FE-1BF2-4211-A181-60A2309FFAE2}"
EndProject
Global
	GlobalSection(SolutionConfigurationPlatforms) = preSolution
		Debug|x64 = Debug|x64
		Debug|x86 = Debug|x86
		Release|x64 = Release|x64
		Release|x86 = Release|x86
	EndGlobalSection
	GlobalSection(ProjectConfigurationPlatforms) = postSolution
		{7479F6FE-1BF2-4211-A181-60A2309FFAE2}.Debug|x64.ActiveCfg = Debug|x64
		{7479F6FE-1BF2-4211-A181-60A2309FFAE2}.Debug|x64.Build.0 = Debug|x64
		{7479F6FE-1BF2-4211-A181-60A2309FFAE2}.Debug|x86.ActiveCfg = Debug|Win32
		{7479F6FE-1BF2-4211-A181-60A2309FFAE2}.Debug|x86.Build.0 = Debug|Win32
		{7479F6FE-1BF2-4211-A181-60A2309FFAE2}.Release|x64.ActiveCfg = Release|x64
		{7479F6FE-1BF2-4211-A181-60A2309FFAE2}.Release|x64.Build.0 = Release|x64
		{7479F6FE-1BF2-4211-A181-60A2309FFAE2}.Release|x86.ActiveCfg = Release|Win32
		{7479F6FE-1BF2-4211-A181-60A2309FFAE2}.Release|x86.Build.0 = Release|Win32
	EndGlobalSection
	GlobalSection(SolutionProperties) = preSolution
		HideSolutionNode = FALSE
	EndGlobalSection
	GlobalSection(ExtensibilityGlobals) = postSolution
		SolutionGuid = {9FD493B2-746C-470F-8486-2B818353F443}
	EndGlobalSection
EndGlobal
